
Microsoft Visual Studio Solution File, Format Version 12.00
# Visual Studio Version 16
VisualStudioVersion = 16.6.30114.105
MinimumVisualStudioVersion = 10.0.40219.1
Project("{2150E333-8FDC-42A3-9474-1A3956D46DE8}") = "server", "server", "{46160AC1-E8CF-4696-99FD-7EC4D3CBB2CA}"
ProjectSection(SolutionItems) = preProject
	server\.gitignore = server\.gitignore
EndProjectSection
EndProject
Project("{FAE04EC0-301F-11D3-BF4B-00C04F79EFBC}") = "PartyAgile.API", "server\PartyAgile.API\PartyAgile.API.csproj", "{DD1AC5CB-0EAF-4610-A0D1-919558563223}"
EndProject
Global
	GlobalSection(SolutionConfigurationPlatforms) = preSolution
		Debug|Any CPU = Debug|Any CPU
		Debug|x64 = Debug|x64
		Debug|x86 = Debug|x86
		Release|Any CPU = Release|Any CPU
		Release|x64 = Release|x64
		Release|x86 = Release|x86
	EndGlobalSection
	GlobalSection(SolutionProperties) = preSolution
		HideSolutionNode = FALSE
	EndGlobalSection
	GlobalSection(ProjectConfigurationPlatforms) = postSolution
		{DD1AC5CB-0EAF-4610-A0D1-919558563223}.Debug|Any CPU.ActiveCfg = Debug|Any CPU
		{DD1AC5CB-0EAF-4610-A0D1-919558563223}.Debug|Any CPU.Build.0 = Debug|Any CPU
		{DD1AC5CB-0EAF-4610-A0D1-919558563223}.Debug|x64.ActiveCfg = Debug|Any CPU
		{DD1AC5CB-0EAF-4610-A0D1-919558563223}.Debug|x64.Build.0 = Debug|Any CPU
		{DD1AC5CB-0EAF-4610-A0D1-919558563223}.Debug|x86.ActiveCfg = Debug|Any CPU
		{DD1AC5CB-0EAF-4610-A0D1-919558563223}.Debug|x86.Build.0 = Debug|Any CPU
		{DD1AC5CB-0EAF-4610-A0D1-919558563223}.Release|Any CPU.ActiveCfg = Release|Any CPU
		{DD1AC5CB-0EAF-4610-A0D1-919558563223}.Release|Any CPU.Build.0 = Release|Any CPU
		{DD1AC5CB-0EAF-4610-A0D1-919558563223}.Release|x64.ActiveCfg = Release|Any CPU
		{DD1AC5CB-0EAF-4610-A0D1-919558563223}.Release|x64.Build.0 = Release|Any CPU
		{DD1AC5CB-0EAF-4610-A0D1-919558563223}.Release|x86.ActiveCfg = Release|Any CPU
		{DD1AC5CB-0EAF-4610-A0D1-919558563223}.Release|x86.Build.0 = Release|Any CPU
	EndGlobalSection
	GlobalSection(NestedProjects) = preSolution
		{DD1AC5CB-0EAF-4610-A0D1-919558563223} = {46160AC1-E8CF-4696-99FD-7EC4D3CBB2CA}
	EndGlobalSection
EndGlobal
